<?xml version="1.0" encoding="utf-8"?>
<Project xmlns="http://schemas.microsoft.com/developer/msbuild/2003">
  <ItemGroup>
    <Filter Include="Form Files">
      <UniqueIdentifier>{99349809-55BA-4b9d-BF79-8FDBB0286EB3}</UniqueIdentifier>
      <Extensions>ui</Extensions>
      <ParseFiles>false</ParseFiles>
    </Filter>
    <Filter Include="Form Files">
      <UniqueIdentifier>{99349809-55BA-4b9d-BF79-8FDBB0286EB3}</UniqueIdentifier>
      <Extensions>ui</Extensions>
      <ParseFiles>false</ParseFiles>
    </Filter>
    <Filter Include="Generated Files">
      <UniqueIdentifier>{71ED8ED8-ACB9-4CE9-BBE1-E00B30144E11}</UniqueIdentifier>
      <Extensions>cpp;c;cxx;moc;h;def;odl;idl;res;</Extensions>
    </Filter>
    <Filter Include="Generated Files">
      <UniqueIdentifier>{71ED8ED8-ACB9-4CE9-BBE1-E00B30144E11}</UniqueIdentifier>
      <Extensions>cpp;c;cxx;moc;h;def;odl;idl;res;</Extensions>
    </Filter>
    <Filter Include="Header Files">
      <UniqueIdentifier>{93995380-89BD-4b04-88EB-625FBE52EBFB}</UniqueIdentifier>
      <Extensions>h;hpp;hxx;hm;inl;inc;xsd</Extensions>
    </Filter>
    <Filter Include="Header Files">
      <UniqueIdentifier>{93995380-89BD-4b04-88EB-625FBE52EBFB}</UniqueIdentifier>
      <Extensions>h;hpp;hxx;hm;inl;inc;xsd</Extensions>
    </Filter>
    <Filter Include="Resource Files">
      <UniqueIdentifier>{D9D6E242-F8AF-46E4-B9FD-80ECBC20BA3E}</UniqueIdentifier>
      <Extensions>qrc;*</Extensions>
      <ParseFiles>false</ParseFiles>
    </Filter>
    <Filter Include="Resource Files">
      <UniqueIdentifier>{D9D6E242-F8AF-46E4-B9FD-80ECBC20BA3E}</UniqueIdentifier>
      <Extensions>qrc;*</Extensions>
      <ParseFiles>false</ParseFiles>
    </Filter>
    <Filter Include="Source Files">
      <UniqueIdentifier>{4FC737F1-C7A5-4376-A066-2A32D752A2FF}</UniqueIdentifier>
      <Extensions>cpp;c;cxx;def;odl;idl;hpj;bat;asm;asmx</Extensions>
    </Filter>
    <Filter Include="Source Files">
      <UniqueIdentifier>{4FC737F1-C7A5-4376-A066-2A32D752A2FF}</UniqueIdentifier>
      <Extensions>cpp;c;cxx;def;odl;idl;hpj;bat;asm;asmx</Extensions>
    </Filter>
    <Filter Include="Translation Files">
      <UniqueIdentifier>{639EADAA-A684-42e4-A9AD-28FC9BCB8F7C}</UniqueIdentifier>
      <Extensions>ts;xlf</Extensions>
      <ParseFiles>false</ParseFiles>
    </Filter>
    <Filter Include="Translation Files">
      <UniqueIdentifier>{639EADAA-A684-42e4-A9AD-28FC9BCB8F7C}</UniqueIdentifier>
      <Extensions>ts;xlf</Extensions>
      <ParseFiles>false</ParseFiles>
    </Filter>
  </ItemGroup>
  <ItemGroup>
    <ClCompile Include="circbuf.cpp">
      <Filter>Source Files</Filter>
    </ClCompile>
    <ClCompile Include="control.cpp">
      <Filter>Source Files</Filter>
    </ClCompile>
    <ClCompile Include="dbif.cpp">
      <Filter>Source Files</Filter>
    </ClCompile>
    <ClCompile Include="dbmpalette.cpp">
      <Filter>Source Files</Filter>
    </ClCompile>
    <ClCompile Include="dclient.cpp">
      <Filter>Source Files</Filter>
    </ClCompile>
    <ClCompile Include="funcgen.cpp">
      <Filter>Source Files</Filter>
    </ClCompile>
    <ClCompile Include="iqbuf.cpp">
      <Filter>Source Files</Filter>
    </ClCompile>
    <ClCompile Include="iqdevice.cpp">
      <Filter>Source Files</Filter>
    </ClCompile>
    <ClCompile Include="main.cpp">
      <Filter>Source Files</Filter>
    </ClCompile>
    <ClCompile Include="mainwindow.cpp">
      <Filter>Source Files</Filter>
    </ClCompile>
    <ClCompile Include="notchpopup.cpp">
      <Filter>Source Files</Filter>
    </ClCompile>
    <ClCompile Include="pool.cpp">
      <Filter>Source Files</Filter>
    </ClCompile>
    <ClCompile Include="postproc.cpp">
      <Filter>Source Files</Filter>
    </ClCompile>
    <ClCompile Include="radio.cpp">
      <Filter>Source Files</Filter>
    </ClCompile>
    <ClCompile Include="ruler.cpp">
      <Filter>Source Files</Filter>
    </ClCompile>
    <ClCompile Include="scan.cpp">
      <Filter>Source Files</Filter>
    </ClCompile>
    <ClCompile Include="settings.cpp">
      <Filter>Source Files</Filter>
    </ClCompile>
    <ClCompile Include="syncrx.cpp">
      <Filter>Source Files</Filter>
    </ClCompile>
    <ClCompile Include="waterfall.cpp">
      <Filter>Source Files</Filter>
    </ClCompile>
    <ClCompile Include="waterfallwidget.cpp">
      <Filter>Source Files</Filter>
    </ClCompile>
    <ClCompile Include="xqdir.cpp">
      <Filter>Source Files</Filter>
    </ClCompile>
  </ItemGroup>
  <ItemGroup>
    <CustomBuild Include="circbuf.h">
      <Filter>Header Files</Filter>
    </CustomBuild>
    <CustomBuild Include="control.h">
      <Filter>Header Files</Filter>
    </CustomBuild>
    <CustomBuild Include="dbif.h">
      <Filter>Header Files</Filter>
    </CustomBuild>
    <CustomBuild Include="dbmpalette.h">
      <Filter>Header Files</Filter>
    </CustomBuild>
    <CustomBuild Include="dclient.h">
      <Filter>Header Files</Filter>
    </CustomBuild>
    <CustomBuild Include="funcgen.h">
      <Filter>Header Files</Filter>
    </CustomBuild>
    <ClInclude Include="iqbuf.h">
      <Filter>Header Files</Filter>
    </ClInclude>
    <CustomBuild Include="iqdevice.h">
      <Filter>Header Files</Filter>
    </CustomBuild>
    <CustomBuild Include="mainwindow.h">
      <Filter>Header Files</Filter>
    </CustomBuild>
    <CustomBuild Include="notchpopup.h">
      <Filter>Header Files</Filter>
    </CustomBuild>
    <ClInclude Include="pool.h">
      <Filter>Header Files</Filter>
    </ClInclude>
    <CustomBuild Include="postproc.h">
      <Filter>Header Files</Filter>
    </CustomBuild>
    <CustomBuild Include="radio.h">
      <Filter>Header Files</Filter>
    </CustomBuild>
    <CustomBuild Include="ruler.h">
      <Filter>Header Files</Filter>
    </CustomBuild>
    <ClInclude Include="scan.h">
      <Filter>Header Files</Filter>
    </ClInclude>
    <CustomBuild Include="settings.h">
      <Filter>Header Files</Filter>
    </CustomBuild>
    <ClInclude Include="setup.h">
      <Filter>Header Files</Filter>
    </ClInclude>
    <CustomBuild Include="syncrx.h">
      <Filter>Header Files</Filter>
    </CustomBuild>
    <CustomBuild Include="waterfall.h">
      <Filter>Header Files</Filter>
    </CustomBuild>
    <CustomBuild Include="waterfallwidget.h">
      <Filter>Header Files</Filter>
    </CustomBuild>
    <ClInclude Include="xqdir.h">
      <Filter>Header Files</Filter>
    </ClInclude>
  </ItemGroup>
  <ItemGroup>
    <ClCompile Include="debug\moc_circbuf.cpp">
      <Filter>Generated Files</Filter>
    </ClCompile>
    <ClCompile Include="release\moc_circbuf.cpp">
      <Filter>Generated Files</Filter>
    </ClCompile>
    <ClCompile Include="debug\moc_control.cpp">
      <Filter>Generated Files</Filter>
    </ClCompile>
    <ClCompile Include="release\moc_control.cpp">
      <Filter>Generated Files</Filter>
    </ClCompile>
    <ClCompile Include="debug\moc_dbif.cpp">
      <Filter>Generated Files</Filter>
    </ClCompile>
    <ClCompile Include="release\moc_dbif.cpp">
      <Filter>Generated Files</Filter>
    </ClCompile>
    <ClCompile Include="debug\moc_dbmpalette.cpp">
      <Filter>Generated Files</Filter>
    </ClCompile>
    <ClCompile Include="release\moc_dbmpalette.cpp">
      <Filter>Generated Files</Filter>
    </ClCompile>
    <ClCompile Include="debug\moc_dclient.cpp">
      <Filter>Generated Files</Filter>
    </ClCompile>
    <ClCompile Include="release\moc_dclient.cpp">
      <Filter>Generated Files</Filter>
    </ClCompile>
    <ClCompile Include="debug\moc_funcgen.cpp">
      <Filter>Generated Files</Filter>
    </ClCompile>
    <ClCompile Include="release\moc_funcgen.cpp">
      <Filter>Generated Files</Filter>
    </ClCompile>
    <ClCompile Include="debug\moc_iqdevice.cpp">
      <Filter>Generated Files</Filter>
    </ClCompile>
    <ClCompile Include="release\moc_iqdevice.cpp">
      <Filter>Generated Files</Filter>
    </ClCompile>
    <ClCompile Include="debug\moc_mainwindow.cpp">
      <Filter>Generated Files</Filter>
    </ClCompile>
    <ClCompile Include="release\moc_mainwindow.cpp">
      <Filter>Generated Files</Filter>
    </ClCompile>
    <ClCompile Include="debug\moc_notchpopup.cpp">
      <Filter>Generated Files</Filter>
    </ClCompile>
    <ClCompile Include="release\moc_notchpopup.cpp">
      <Filter>Generated Files</Filter>
    </ClCompile>
    <ClCompile Include="debug\moc_postproc.cpp">
      <Filter>Generated Files</Filter>
    </ClCompile>
    <ClCompile Include="release\moc_postproc.cpp">
      <Filter>Generated Files</Filter>
    </ClCompile>
    <CustomBuild Include="debug\moc_predefs.h.cbt">
      <Filter>Generated Files</Filter>
    </CustomBuild>
    <CustomBuild Include="release\moc_predefs.h.cbt">
      <Filter>Generated Files</Filter>
    </CustomBuild>
    <ClCompile Include="debug\moc_radio.cpp">
      <Filter>Generated Files</Filter>
    </ClCompile>
    <ClCompile Include="release\moc_radio.cpp">
      <Filter>Generated Files</Filter>
    </ClCompile>
    <ClCompile Include="debug\moc_ruler.cpp">
      <Filter>Generated Files</Filter>
    </ClCompile>
    <ClCompile Include="release\moc_ruler.cpp">
      <Filter>Generated Files</Filter>
    </ClCompile>
    <ClCompile Include="debug\moc_settings.cpp">
      <Filter>Generated Files</Filter>
    </ClCompile>
    <ClCompile Include="release\moc_settings.cpp">
      <Filter>Generated Files</Filter>
    </ClCompile>
    <ClCompile Include="debug\moc_syncrx.cpp">
      <Filter>Generated Files</Filter>
    </ClCompile>
    <ClCompile Include="release\moc_syncrx.cpp">
      <Filter>Generated Files</Filter>
    </ClCompile>
    <ClCompile Include="debug\moc_waterfall.cpp">
      <Filter>Generated Files</Filter>
    </ClCompile>
    <ClCompile Include="release\moc_waterfall.cpp">
      <Filter>Generated Files</Filter>
    </ClCompile>
    <ClCompile Include="debug\moc_waterfallwidget.cpp">
      <Filter>Generated Files</Filter>
    </ClCompile>
    <ClCompile Include="release\moc_waterfallwidget.cpp">
      <Filter>Generated Files</Filter>
    </ClCompile>
    <ClCompile Include="debug\qrc_graphic.cpp">
      <Filter>Generated Files</Filter>
    </ClCompile>
    <ClCompile Include="release\qrc_graphic.cpp">
      <Filter>Generated Files</Filter>
    </ClCompile>
    <ClInclude Include="ui_mainwindow.h">
      <Filter>Generated Files</Filter>
    </ClInclude>
    <ClInclude Include="ui_notchpopup.h">
      <Filter>Generated Files</Filter>
    </ClInclude>
    <ClInclude Include="ui_waterfall.h">
      <Filter>Generated Files</Filter>
    </ClInclude>
  </ItemGroup>
  <ItemGroup>
    <None Include="langs\English.ts">
      <Filter>Translation Files</Filter>
    </None>
    <None Include="langs\Italian.ts">
      <Filter>Translation Files</Filter>
    </None>
  </ItemGroup>
  <ItemGroup>
    <CustomBuild Include="mainwindow.ui">
      <Filter>Form Files</Filter>
    </CustomBuild>
    <CustomBuild Include="notchpopup.ui">
      <Filter>Form Files</Filter>
    </CustomBuild>
    <CustomBuild Include="waterfall.ui">
      <Filter>Form Files</Filter>
    </CustomBuild>
  </ItemGroup>
  <ItemGroup>
    <None Include="icons\application-exit.png">
      <Filter>Resource Files</Filter>
    </None>
    <None Include="icons\application-pdf.png">
      <Filter>Resource Files</Filter>
    </None>
    <None Include="icons\arrow-down-3.png">
      <Filter>Resource Files</Filter>
    </None>
    <None Include="icons\arrow-down.png">
      <Filter>Resource Files</Filter>
    </None>
    <None Include="icons\arrow-left-2.png">
      <Filter>Resource Files</Filter>
    </None>
    <None Include="icons\arrow-left.png">
      <Filter>Resource Files</Filter>
    </None>
    <None Include="icons\arrow-right-2.png">
      <Filter>Resource Files</Filter>
    </None>
    <None Include="icons\arrow-right.png">
      <Filter>Resource Files</Filter>
    </None>
    <None Include="icons\arrow-up-3.png">
      <Filter>Resource Files</Filter>
    </None>
    <None Include="icons\arrow-up.png">
      <Filter>Resource Files</Filter>
    </None>
    <None Include="icons\camera-photo_add.png">
      <Filter>Resource Files</Filter>
    </None>
    <None Include="icons\configure-3.png">
      <Filter>Resource Files</Filter>
    </None>
    <None Include="icons\dialog-cancel-2.png">
      <Filter>Resource Files</Filter>
    </None>
    <None Include="icons\dialog-fewer.png">
      <Filter>Resource Files</Filter>
    </None>
    <None Include="icons\dialog-more.png">
      <Filter>Resource Files</Filter>
    </None>
    <None Include="icons\dialog-ok-apply-2.png">
      <Filter>Resource Files</Filter>
    </None>
    <None Include="icons\document-edit.png">
      <Filter>Resource Files</Filter>
    </None>
    <None Include="icons\document-open-7.png">
      <Filter>Resource Files</Filter>
    </None>
    <None Include="icons\document-save-3.png">
      <Filter>Resource Files</Filter>
    </None>
    <None Include="icons\document-save-5.png">
      <Filter>Resource Files</Filter>
    </None>
    <None Include="icons\document-save-as-5.png">
      <Filter>Resource Files</Filter>
    </None>
    <None Include="icons\document-save-as.png">
      <Filter>Resource Files</Filter>
    </None>
    <None Include="icons\echoes_icon128.ico">
      <Filter>Resource Files</Filter>
    </None>
    <None Include="icons\echoes_icon16.ico">
      <Filter>Resource Files</Filter>
    </None>
    <None Include="icons\echoes_icon32.ico">
      <Filter>Resource Files</Filter>
    </None>
    <None Include="icons\echoes_icon64.ico">
      <Filter>Resource Files</Filter>
    </None>
    <None Include="icons\echoes_logo.png">
      <Filter>Resource Files</Filter>
    </None>
    <None Include="icons\echoes_xpm16.xpm">
      <Filter>Resource Files</Filter>
    </None>
    <None Include="icons\echoes_xpm32.xpm">
      <Filter>Resource Files</Filter>
    </None>
    <None Include="icons\face-glasses.png">
      <Filter>Resource Files</Filter>
    </None>
    <None Include="sounds\fault.wav">
      <Filter>Resource Files</Filter>
    </None>
    <None Include="icons\flag-gb.png">
      <Filter>Resource Files</Filter>
    </None>
    <None Include="icons\flag-it.png">
      <Filter>Resource Files</Filter>
    </None>
    <None Include="icons\flatten.png">
      <Filter>Resource Files</Filter>
    </None>
    <CustomBuild Include="graphic.qrc">
      <Filter>Resource Files</Filter>
    </CustomBuild>
    <None Include="icons\help-3.png">
      <Filter>Resource Files</Filter>
    </None>
    <None Include="icons\help-about-3.png">
      <Filter>Resource Files</Filter>
    </None>
    <None Include="icons\kmplot.png">
      <Filter>Resource Files</Filter>
    </None>
    <None Include="icons\media-playback-start-8.png">
      <Filter>Resource Files</Filter>
    </None>
    <None Include="icons\media-playback-stop-8.png">
      <Filter>Resource Files</Filter>
    </None>
    <None Include="sounds\ping.wav">
      <Filter>Resource Files</Filter>
    </None>
    <None Include="icons\red-index.png">
      <Filter>Resource Files</Filter>
    </None>
    <None Include="rtl_style.qss">
      <Filter>Resource Files</Filter>
    </None>
    <None Include="icons\view-list-text-3.png">
      <Filter>Resource Files</Filter>
    </None>
  </ItemGroup>
</Project>